<?xml version="1.0" encoding="UTF-8"?>
<!DOCTYPE plist PUBLIC "-//Apple//DTD PLIST 1.0//EN" "http://www.apple.com/DTDs/PropertyList-1.0.dtd">
<plist version="1.0">
<dict>
	<key>archiveVersion</key>
	<string>1</string>
	<key>classes</key>
	<dict/>
	<key>objectVersion</key>
	<string>46</string>
	<key>objects</key>
	<dict>
		<key>B619B05116B73EB300E13A46</key>
		<dict>
			<key>children</key>
			<array>
				<string>B619B06616B73EB300E13A46</string>
				<string>B619B08D16B73F4E00E13A46</string>
				<string>B619B05F16B73EB300E13A46</string>
				<string>B619B05D16B73EB300E13A46</string>
			</array>
			<key>isa</key>
			<string>PBXGroup</string>
			<key>sourceTree</key>
			<string>&lt;group&gt;</string>
		</dict>
		<key>B619B05316B73EB300E13A46</key>
		<dict>
			<key>attributes</key>
			<dict>
				<key>LastUpgradeCheck</key>
				<string>0450</string>
				<key>ORGANIZATIONNAME</key>
				<string>KelvinCreo</string>
			</dict>
			<key>buildConfigurationList</key>
			<string>B619B05616B73EB300E13A46</string>
			<key>compatibilityVersion</key>
			<string>Xcode 3.2</string>
			<key>developmentRegion</key>
			<string>English</string>
			<key>hasScannedForEncodings</key>
			<string>0</string>
			<key>isa</key>
			<string>PBXProject</string>
			<key>knownRegions</key>
			<array>
				<string>en</string>
			</array>
			<key>mainGroup</key>
			<string>B619B05116B73EB300E13A46</string>
			<key>productRefGroup</key>
			<string>B619B05D16B73EB300E13A46</string>
			<key>projectDirPath</key>
			<string></string>
			<key>projectReferences</key>
			<array/>
			<key>projectRoot</key>
			<string></string>
			<key>targets</key>
			<array>
				<string>B619B05B16B73EB300E13A46</string>
				<string>B619B08716B73F4E00E13A46</string>
			</array>
		</dict>
		<key>B619B05616B73EB300E13A46</key>
		<dict>
			<key>buildConfigurations</key>
			<array>
				<string>B619B07E16B73EB300E13A46</string>
				<string>B619B07F16B73EB300E13A46</string>
			</array>
			<key>defaultConfigurationIsVisible</key>
			<string>0</string>
			<key>defaultConfigurationName</key>
			<string>Release</string>
			<key>isa</key>
			<string>XCConfigurationList</string>
		</dict>
		<key>B619B05816B73EB300E13A46</key>
		<dict>
			<key>buildActionMask</key>
			<string>2147483647</string>
			<key>files</key>
			<array>
				<string>B619B06D16B73EB300E13A46</string>
				<string>B619B07116B73EB300E13A46</string>
				<string>B619B07D16B73EB300E13A46</string>
			</array>
			<key>isa</key>
			<string>PBXSourcesBuildPhase</string>
			<key>runOnlyForDeploymentPostprocessing</key>
			<string>0</string>
		</dict>
		<key>B619B05916B73EB300E13A46</key>
		<dict>
			<key>buildActionMask</key>
			<string>2147483647</string>
			<key>files</key>
			<array>
				<string>B619B06116B73EB300E13A46</string>
				<string>B619B06316B73EB300E13A46</string>
				<string>B619B06516B73EB300E13A46</string>
			</array>
			<key>isa</key>
			<string>PBXFrameworksBuildPhase</string>
			<key>runOnlyForDeploymentPostprocessing</key>
			<string>0</string>
		</dict>
		<key>B619B05A16B73EB300E13A46</key>
		<dict>
			<key>buildActionMask</key>
			<string>2147483647</string>
			<key>files</key>
			<array>
				<string>B619B06B16B73EB300E13A46</string>
				<string>B619B07316B73EB300E13A46</string>
				<string>B619B07516B73EB300E13A46</string>
				<string>B619B07716B73EB300E13A46</string>
				<string>B619B07A16B73EB300E13A46</string>
			</array>
			<key>isa</key>
			<string>PBXResourcesBuildPhase</string>
			<key>runOnlyForDeploymentPostprocessing</key>
			<string>0</string>
		</dict>
		<key>B619B05B16B73EB300E13A46</key>
		<dict>
			<key>buildConfigurationList</key>
			<string>B619B08016B73EB300E13A46</string>
			<key>buildPhases</key>
			<array>
				<string>B619B05816B73EB300E13A46</string>
				<string>B619B05916B73EB300E13A46</string>
				<string>B619B05A16B73EB300E13A46</string>
			</array>
			<key>buildRules</key>
			<array/>
			<key>dependencies</key>
			<array/>
			<key>isa</key>
			<string>PBXNativeTarget</string>
			<key>name</key>
			<string>DemoProject</string>
			<key>productName</key>
			<string>DemoProject</string>
			<key>productReference</key>
			<string>B619B05C16B73EB300E13A46</string>
			<key>productType</key>
			<string>com.apple.product-type.application</string>
		</dict>
		<key>B619B05C16B73EB300E13A46</key>
		<dict>
			<key>explicitFileType</key>
			<string>wrapper.application</string>
			<key>includeInIndex</key>
			<string>0</string>
			<key>isa</key>
			<string>PBXFileReference</string>
			<key>path</key>
			<string>DemoProject.app</string>
			<key>sourceTree</key>
			<string>BUILT_PRODUCTS_DIR</string>
		</dict>
		<key>B619B05D16B73EB300E13A46</key>
		<dict>
			<key>children</key>
			<array>
				<string>B619B05C16B73EB300E13A46</string>
				<string>B619B08816B73F4E00E13A46</string>
			</array>
			<key>isa</key>
			<string>PBXGroup</string>
			<key>name</key>
			<string>Products</string>
			<key>sourceTree</key>
			<string>&lt;group&gt;</string>
		</dict>
		<key>B619B05F16B73EB300E13A46</key>
		<dict>
			<key>children</key>
			<array>
				<string>B619B06016B73EB300E13A46</string>
				<string>B619B06216B73EB300E13A46</string>
				<string>B619B06416B73EB300E13A46</string>
				<string>B619B08916B73F4E00E13A46</string>
			</array>
			<key>isa</key>
			<string>PBXGroup</string>
			<key>name</key>
			<string>Frameworks</string>
			<key>sourceTree</key>
			<string>&lt;group&gt;</string>
		</dict>
		<key>B619B06016B73EB300E13A46</key>
		<dict>
			<key>isa</key>
			<string>PBXFileReference</string>
			<key>lastKnownFileType</key>
			<string>wrapper.framework</string>
			<key>name</key>
			<string>UIKit.framework</string>
			<key>path</key>
			<string>System/Library/Frameworks/UIKit.framework</string>
			<key>sourceTree</key>
			<string>SDKROOT</string>
		</dict>
		<key>B619B06116B73EB300E13A46</key>
		<dict>
			<key>fileRef</key>
			<string>B619B06016B73EB300E13A46</string>
			<key>isa</key>
			<string>PBXBuildFile</string>
		</dict>
		<key>B619B06216B73EB300E13A46</key>
		<dict>
			<key>isa</key>
			<string>PBXFileReference</string>
			<key>lastKnownFileType</key>
			<string>wrapper.framework</string>
			<key>name</key>
			<string>Foundation.framework</string>
			<key>path</key>
			<string>System/Library/Frameworks/Foundation.framework</string>
			<key>sourceTree</key>
			<string>SDKROOT</string>
		</dict>
		<key>B619B06316B73EB300E13A46</key>
		<dict>
			<key>fileRef</key>
			<string>B619B06216B73EB300E13A46</string>
			<key>isa</key>
			<string>PBXBuildFile</string>
		</dict>
		<key>B619B06416B73EB300E13A46</key>
		<dict>
			<key>isa</key>
			<string>PBXFileReference</string>
			<key>lastKnownFileType</key>
			<string>wrapper.framework</string>
			<key>name</key>
			<string>CoreGraphics.framework</string>
			<key>path</key>
			<string>System/Library/Frameworks/CoreGraphics.framework</string>
			<key>sourceTree</key>
			<string>SDKROOT</string>
		</dict>
		<key>B619B06516B73EB300E13A46</key>
		<dict>
			<key>fileRef</key>
			<string>B619B06416B73EB300E13A46</string>
			<key>isa</key>
			<string>PBXBuildFile</string>
		</dict>
		<key>B619B06616B73EB300E13A46</key>
		<dict>
			<key>children</key>
			<array>
				<string>B619B06F16B73EB300E13A46</string>
				<string>B619B07016B73EB300E13A46</string>
				<string>B619B07816B73EB300E13A46</string>
				<string>B619B07B16B73EB300E13A46</string>
				<string>B619B07C16B73EB300E13A46</string>
				<string>B619B06716B73EB300E13A46</string>
			</array>
			<key>isa</key>
			<string>PBXGroup</string>
			<key>path</key>
			<string>DemoProject</string>
			<key>sourceTree</key>
			<string>&lt;group&gt;</string>
		</dict>
		<key>B619B06716B73EB300E13A46</key>
		<dict>
			<key>children</key>
			<array>
				<string>B619B06816B73EB300E13A46</string>
				<string>B619B06916B73EB300E13A46</string>
				<string>B619B06C16B73EB300E13A46</string>
				<string>B619B06E16B73EB300E13A46</string>
				<string>B619B07216B73EB300E13A46</string>
				<string>B619B07416B73EB300E13A46</string>
				<string>B619B07616B73EB300E13A46</string>
			</array>
			<key>isa</key>
			<string>PBXGroup</string>
			<key>name</key>
			<string>Supporting Files</string>
			<key>sourceTree</key>
			<string>&lt;group&gt;</string>
		</dict>
		<key>B619B06816B73EB300E13A46</key>
		<dict>
			<key>isa</key>
			<string>PBXFileReference</string>
			<key>lastKnownFileType</key>
			<string>text.plist.xml</string>
			<key>path</key>
			<string>DemoProject-Info.plist</string>
			<key>sourceTree</key>
			<string>&lt;group&gt;</string>
		</dict>
		<key>B619B06916B73EB300E13A46</key>
		<dict>
			<key>children</key>
			<array>
				<string>B619B06A16B73EB300E13A46</string>
			</array>
			<key>isa</key>
			<string>PBXVariantGroup</string>
			<key>name</key>
			<string>InfoPlist.strings</string>
			<key>sourceTree</key>
			<string>&lt;group&gt;</string>
		</dict>
		<key>B619B06A16B73EB300E13A46</key>
		<dict>
			<key>isa</key>
			<string>PBXFileReference</string>
			<key>lastKnownFileType</key>
			<string>text.plist.strings</string>
			<key>name</key>
			<string>en</string>
			<key>path</key>
			<string>en.lproj/InfoPlist.strings</string>
			<key>sourceTree</key>
			<string>&lt;group&gt;</string>
		</dict>
		<key>B619B06B16B73EB300E13A46</key>
		<dict>
			<key>fileRef</key>
			<string>B619B06916B73EB300E13A46</string>
			<key>isa</key>
			<string>PBXBuildFile</string>
		</dict>
		<key>B619B06C16B73EB300E13A46</key>
		<dict>
			<key>isa</key>
			<string>PBXFileReference</string>
			<key>lastKnownFileType</key>
			<string>sourcecode.c.objc</string>
			<key>path</key>
			<string>main.m</string>
			<key>sourceTree</key>
			<string>&lt;group&gt;</string>
		</dict>
		<key>B619B06D16B73EB300E13A46</key>
		<dict>
			<key>fileRef</key>
			<string>B619B06C16B73EB300E13A46</string>
			<key>isa</key>
			<string>PBXBuildFile</string>
		</dict>
		<key>B619B06E16B73EB300E13A46</key>
		<dict>
			<key>isa</key>
			<string>PBXFileReference</string>
			<key>lastKnownFileType</key>
			<string>sourcecode.c.h</string>
			<key>path</key>
			<string>DemoProject-Prefix.pch</string>
			<key>sourceTree</key>
			<string>&lt;group&gt;</string>
		</dict>
		<key>B619B06F16B73EB300E13A46</key>
		<dict>
			<key>isa</key>
			<string>PBXFileReference</string>
			<key>lastKnownFileType</key>
			<string>sourcecode.c.h</string>
			<key>path</key>
			<string>AppDelegate.h</string>
			<key>sourceTree</key>
			<string>&lt;group&gt;</string>
		</dict>
		<key>B619B07016B73EB300E13A46</key>
		<dict>
			<key>isa</key>
			<string>PBXFileReference</string>
			<key>lastKnownFileType</key>
			<string>sourcecode.c.objc</string>
			<key>path</key>
			<string>AppDelegate.m</string>
			<key>sourceTree</key>
			<string>&lt;group&gt;</string>
		</dict>
		<key>B619B07116B73EB300E13A46</key>
		<dict>
			<key>fileRef</key>
			<string>B619B07016B73EB300E13A46</string>
			<key>isa</key>
			<string>PBXBuildFile</string>
		</dict>
		<key>B619B07216B73EB300E13A46</key>
		<dict>
			<key>isa</key>
			<string>PBXFileReference</string>
			<key>lastKnownFileType</key>
			<string>image.png</string>
			<key>path</key>
			<string>Default.png</string>
			<key>sourceTree</key>
			<string>&lt;group&gt;</string>
		</dict>
		<key>B619B07316B73EB300E13A46</key>
		<dict>
			<key>fileRef</key>
			<string>B619B07216B73EB300E13A46</string>
			<key>isa</key>
			<string>PBXBuildFile</string>
		</dict>
		<key>B619B07416B73EB300E13A46</key>
		<dict>
			<key>isa</key>
			<string>PBXFileReference</string>
			<key>lastKnownFileType</key>
			<string>image.png</string>
			<key>path</key>
			<string>Default@2x.png</string>
			<key>sourceTree</key>
			<string>&lt;group&gt;</string>
		</dict>
		<key>B619B07516B73EB300E13A46</key>
		<dict>
			<key>fileRef</key>
			<string>B619B07416B73EB300E13A46</string>
			<key>isa</key>
			<string>PBXBuildFile</string>
		</dict>
		<key>B619B07616B73EB300E13A46</key>
		<dict>
			<key>isa</key>
			<string>PBXFileReference</string>
			<key>lastKnownFileType</key>
			<string>image.png</string>
			<key>path</key>
			<string>Default-568h@2x.png</string>
			<key>sourceTree</key>
			<string>&lt;group&gt;</string>
		</dict>
		<key>B619B07716B73EB300E13A46</key>
		<dict>
			<key>fileRef</key>
			<string>B619B07616B73EB300E13A46</string>
			<key>isa</key>
			<string>PBXBuildFile</string>
		</dict>
		<key>B619B07816B73EB300E13A46</key>
		<dict>
			<key>children</key>
			<array>
				<string>B619B07916B73EB300E13A46</string>
			</array>
			<key>isa</key>
			<string>PBXVariantGroup</string>
			<key>name</key>
			<string>MainStoryboard.storyboard</string>
			<key>sourceTree</key>
			<string>&lt;group&gt;</string>
		</dict>
		<key>B619B07916B73EB300E13A46</key>
		<dict>
			<key>isa</key>
			<string>PBXFileReference</string>
			<key>lastKnownFileType</key>
			<string>file.storyboard</string>
			<key>name</key>
			<string>en</string>
			<key>path</key>
			<string>en.lproj/MainStoryboard.storyboard</string>
			<key>sourceTree</key>
			<string>&lt;group&gt;</string>
		</dict>
		<key>B619B07A16B73EB300E13A46</key>
		<dict>
			<key>fileRef</key>
			<string>B619B07816B73EB300E13A46</string>
			<key>isa</key>
			<string>PBXBuildFile</string>
		</dict>
		<key>B619B07B16B73EB300E13A46</key>
		<dict>
			<key>isa</key>
			<string>PBXFileReference</string>
			<key>lastKnownFileType</key>
			<string>sourcecode.c.h</string>
			<key>path</key>
			<string>ViewController.h</string>
			<key>sourceTree</key>
			<string>&lt;group&gt;</string>
		</dict>
		<key>B619B07C16B73EB300E13A46</key>
		<dict>
			<key>isa</key>
			<string>PBXFileReference</string>
			<key>lastKnownFileType</key>
			<string>sourcecode.c.objc</string>
			<key>path</key>
			<string>ViewController.m</string>
			<key>sourceTree</key>
			<string>&lt;group&gt;</string>
		</dict>
		<key>B619B07D16B73EB300E13A46</key>
		<dict>
			<key>fileRef</key>
			<string>B619B07C16B73EB300E13A46</string>
			<key>isa</key>
			<string>PBXBuildFile</string>
		</dict>
		<key>B619B07E16B73EB300E13A46</key>
		<dict>
			<key>buildSettings</key>
			<dict>
				<key>ALWAYS_SEARCH_USER_PATHS</key>
				<string>NO</string>
				<key>CLANG_CXX_LANGUAGE_STANDARD</key>
				<string>gnu++0x</string>
				<key>CLANG_CXX_LIBRARY</key>
				<string>libc++</string>
				<key>CLANG_ENABLE_OBJC_ARC</key>
				<string>YES</string>
				<key>CLANG_WARN_EMPTY_BODY</key>
				<string>YES</string>
				<key>CLANG_WARN__DUPLICATE_METHOD_MATCH</key>
				<string>YES</string>
				<key>CODE_SIGN_IDENTITY[sdk=iphoneos*]</key>
				<string>iPhone Developer</string>
				<key>COPY_PHASE_STRIP</key>
				<string>NO</string>
				<key>GCC_C_LANGUAGE_STANDARD</key>
				<string>gnu99</string>
				<key>GCC_DYNAMIC_NO_PIC</key>
				<string>NO</string>
				<key>GCC_OPTIMIZATION_LEVEL</key>
				<string>0</string>
				<key>GCC_PREPROCESSOR_DEFINITIONS</key>
				<array>
					<string>DEBUG=1</string>
					<string>$(inherited)</string>
				</array>
				<key>GCC_SYMBOLS_PRIVATE_EXTERN</key>
				<string>NO</string>
				<key>GCC_WARN_ABOUT_RETURN_TYPE</key>
				<string>YES</string>
				<key>GCC_WARN_UNINITIALIZED_AUTOS</key>
				<string>YES</string>
				<key>GCC_WARN_UNUSED_VARIABLE</key>
				<string>YES</string>
				<key>IPHONEOS_DEPLOYMENT_TARGET</key>
				<string>6.0</string>
				<key>ONLY_ACTIVE_ARCH</key>
				<string>YES</string>
				<key>SDKROOT</key>
				<string>iphoneos</string>
			</dict>
			<key>isa</key>
			<string>XCBuildConfiguration</string>
			<key>name</key>
			<string>Debug</string>
		</dict>
		<key>B619B07F16B73EB300E13A46</key>
		<dict>
			<key>buildSettings</key>
			<dict>
				<key>ALWAYS_SEARCH_USER_PATHS</key>
				<string>NO</string>
				<key>CLANG_CXX_LANGUAGE_STANDARD</key>
				<string>gnu++0x</string>
				<key>CLANG_CXX_LIBRARY</key>
				<string>libc++</string>
				<key>CLANG_ENABLE_OBJC_ARC</key>
				<string>YES</string>
				<key>CLANG_WARN_EMPTY_BODY</key>
				<string>YES</string>
				<key>CLANG_WARN__DUPLICATE_METHOD_MATCH</key>
				<string>YES</string>
				<key>CODE_SIGN_IDENTITY[sdk=iphoneos*]</key>
				<string>iPhone Developer</string>
				<key>COPY_PHASE_STRIP</key>
				<string>YES</string>
				<key>GCC_C_LANGUAGE_STANDARD</key>
				<string>gnu99</string>
				<key>GCC_WARN_ABOUT_RETURN_TYPE</key>
				<string>YES</string>
				<key>GCC_WARN_UNINITIALIZED_AUTOS</key>
				<string>YES</string>
				<key>GCC_WARN_UNUSED_VARIABLE</key>
				<string>YES</string>
				<key>IPHONEOS_DEPLOYMENT_TARGET</key>
				<string>6.0</string>
				<key>OTHER_CFLAGS</key>
				<string>-DNS_BLOCK_ASSERTIONS=1</string>
				<key>SDKROOT</key>
				<string>iphoneos</string>
				<key>VALIDATE_PRODUCT</key>
				<string>YES</string>
			</dict>
			<key>isa</key>
			<string>XCBuildConfiguration</string>
			<key>name</key>
			<string>Release</string>
		</dict>
		<key>B619B08016B73EB300E13A46</key>
		<dict>
			<key>buildConfigurations</key>
			<array>
				<string>B619B08116B73EB300E13A46</string>
				<string>B619B08216B73EB300E13A46</string>
			</array>
			<key>defaultConfigurationIsVisible</key>
			<string>0</string>
			<key>isa</key>
			<string>XCConfigurationList</string>
		</dict>
		<key>B619B08116B73EB300E13A46</key>
		<dict>
			<key>buildSettings</key>
			<dict>
				<key>GCC_PRECOMPILE_PREFIX_HEADER</key>
				<string>YES</string>
				<key>GCC_PREFIX_HEADER</key>
				<string>DemoProject/DemoProject-Prefix.pch</string>
				<key>INFOPLIST_FILE</key>
				<string>DemoProject/DemoProject-Info.plist</string>
				<key>LIBRARY_SEARCH_PATHS</key>
				<array>
					<string>$(inherited)</string>
					<string>$(FRANK_LIBRARY_SEARCH_PATHS)</string>
				</array>
				<key>OTHER_LDFLAGS</key>
				<array>
					<string>$(inherited)</string>
					<string>$(FRANK_LDFLAGS)</string>
				</array>
				<key>PRODUCT_NAME</key>
				<string>$(TARGET_NAME)</string>
				<key>WRAPPER_EXTENSION</key>
				<string>app</string>
			</dict>
			<key>isa</key>
			<string>XCBuildConfiguration</string>
			<key>name</key>
			<string>Debug</string>
		</dict>
		<key>B619B08216B73EB300E13A46</key>
		<dict>
			<key>buildSettings</key>
			<dict>
				<key>GCC_PRECOMPILE_PREFIX_HEADER</key>
				<string>YES</string>
				<key>GCC_PREFIX_HEADER</key>
				<string>DemoProject/DemoProject-Prefix.pch</string>
				<key>INFOPLIST_FILE</key>
				<string>DemoProject/DemoProject-Info.plist</string>
				<key>PRODUCT_NAME</key>
				<string>$(TARGET_NAME)</string>
				<key>WRAPPER_EXTENSION</key>
				<string>app</string>
			</dict>
			<key>isa</key>
			<string>XCBuildConfiguration</string>
			<key>name</key>
			<string>Release</string>
		</dict>
		<key>B619B08316B73F4E00E13A46</key>
		<dict>
			<key>buildActionMask</key>
			<string>2147483647</string>
			<key>files</key>
			<array>
				<string>B619B09A16B73F8000E13A46</string>
				<string>B619B09D16B73FCE00E13A46</string>
			</array>
			<key>isa</key>
			<string>PBXSourcesBuildPhase</string>
			<key>runOnlyForDeploymentPostprocessing</key>
			<string>0</string>
		</dict>
		<key>B619B08416B73F4E00E13A46</key>
		<dict>
			<key>buildActionMask</key>
			<string>2147483647</string>
			<key>files</key>
			<array>
				<string>B619B08A16B73F4E00E13A46</string>
				<string>B619B08B16B73F4E00E13A46</string>
				<string>B619B08C16B73F4E00E13A46</string>
			</array>
			<key>isa</key>
			<string>PBXFrameworksBuildPhase</string>
			<key>runOnlyForDeploymentPostprocessing</key>
			<string>0</string>
		</dict>
		<key>B619B08516B73F4E00E13A46</key>
		<dict>
			<key>buildActionMask</key>
			<string>2147483647</string>
			<key>files</key>
			<array>
				<string>B619B09216B73F4E00E13A46</string>
			</array>
			<key>isa</key>
			<string>PBXResourcesBuildPhase</string>
			<key>runOnlyForDeploymentPostprocessing</key>
			<string>0</string>
		</dict>
		<key>B619B08616B73F4E00E13A46</key>
		<dict>
			<key>buildActionMask</key>
			<string>2147483647</string>
			<key>files</key>
			<array/>
			<key>inputPaths</key>
			<array/>
			<key>isa</key>
			<string>PBXShellScriptBuildPhase</string>
			<key>outputPaths</key>
			<array/>
			<key>runOnlyForDeploymentPostprocessing</key>
			<string>0</string>
			<key>shellPath</key>
			<string>/bin/sh</string>
			<key>shellScript</key>
			<string># Run the unit tests in this test bundle.
"${SYSTEM_DEVELOPER_DIR}/Tools/RunUnitTests"
</string>
		</dict>
		<key>B619B08716B73F4E00E13A46</key>
		<dict>
			<key>buildConfigurationList</key>
			<string>B619B09716B73F4E00E13A46</string>
			<key>buildPhases</key>
			<array>
				<string>B619B08316B73F4E00E13A46</string>
				<string>B619B08416B73F4E00E13A46</string>
				<string>B619B08516B73F4E00E13A46</string>
				<string>B619B08616B73F4E00E13A46</string>
			</array>
			<key>buildRules</key>
			<array/>
			<key>dependencies</key>
			<array/>
			<key>isa</key>
			<string>PBXNativeTarget</string>
			<key>name</key>
			<string>DemoProjectTests</string>
			<key>productName</key>
			<string>DemoProjectTests</string>
			<key>productReference</key>
			<string>B619B08816B73F4E00E13A46</string>
			<key>productType</key>
			<string>com.apple.product-type.bundle</string>
		</dict>
		<key>B619B08816B73F4E00E13A46</key>
		<dict>
			<key>explicitFileType</key>
			<string>wrapper.cfbundle</string>
			<key>includeInIndex</key>
			<string>0</string>
			<key>isa</key>
			<string>PBXFileReference</string>
			<key>path</key>
			<string>DemoProjectTests.octest</string>
			<key>sourceTree</key>
			<string>BUILT_PRODUCTS_DIR</string>
		</dict>
		<key>B619B08916B73F4E00E13A46</key>
		<dict>
			<key>isa</key>
			<string>PBXFileReference</string>
			<key>lastKnownFileType</key>
			<string>wrapper.framework</string>
			<key>name</key>
			<string>SenTestingKit.framework</string>
			<key>path</key>
			<string>Library/Frameworks/SenTestingKit.framework</string>
			<key>sourceTree</key>
			<string>DEVELOPER_DIR</string>
		</dict>
		<key>B619B08A16B73F4E00E13A46</key>
		<dict>
			<key>fileRef</key>
			<string>B619B08916B73F4E00E13A46</string>
			<key>isa</key>
			<string>PBXBuildFile</string>
		</dict>
		<key>B619B08B16B73F4E00E13A46</key>
		<dict>
			<key>fileRef</key>
			<string>B619B06016B73EB300E13A46</string>
			<key>isa</key>
			<string>PBXBuildFile</string>
		</dict>
		<key>B619B08C16B73F4E00E13A46</key>
		<dict>
			<key>fileRef</key>
			<string>B619B06216B73EB300E13A46</string>
			<key>isa</key>
			<string>PBXBuildFile</string>
		</dict>
		<key>B619B08D16B73F4E00E13A46</key>
		<dict>
			<key>children</key>
			<array>
				<string>B619B08E16B73F4E00E13A46</string>
				<string>B619B09B16B73FCE00E13A46</string>
				<string>B619B09C16B73FCE00E13A46</string>
			</array>
			<key>isa</key>
			<string>PBXGroup</string>
			<key>path</key>
			<string>DemoProjectTests</string>
			<key>sourceTree</key>
			<string>&lt;group&gt;</string>
		</dict>
		<key>B619B08E16B73F4E00E13A46</key>
		<dict>
			<key>children</key>
			<array>
				<string>B619B08F16B73F4E00E13A46</string>
				<string>B619B09016B73F4E00E13A46</string>
				<string>B619B09616B73F4E00E13A46</string>
			</array>
			<key>isa</key>
			<string>PBXGroup</string>
			<key>name</key>
			<string>Supporting Files</string>
			<key>sourceTree</key>
			<string>&lt;group&gt;</string>
		</dict>
		<key>B619B08F16B73F4E00E13A46</key>
		<dict>
			<key>isa</key>
			<string>PBXFileReference</string>
			<key>lastKnownFileType</key>
			<string>text.plist.xml</string>
			<key>path</key>
			<string>DemoProjectTests-Info.plist</string>
			<key>sourceTree</key>
			<string>&lt;group&gt;</string>
		</dict>
		<key>B619B09016B73F4E00E13A46</key>
		<dict>
			<key>children</key>
			<array>
				<string>B619B09116B73F4E00E13A46</string>
			</array>
			<key>isa</key>
			<string>PBXVariantGroup</string>
			<key>name</key>
			<string>InfoPlist.strings</string>
			<key>sourceTree</key>
			<string>&lt;group&gt;</string>
		</dict>
		<key>B619B09116B73F4E00E13A46</key>
		<dict>
			<key>isa</key>
			<string>PBXFileReference</string>
			<key>lastKnownFileType</key>
			<string>text.plist.strings</string>
			<key>name</key>
			<string>en</string>
			<key>path</key>
			<string>en.lproj/InfoPlist.strings</string>
			<key>sourceTree</key>
			<string>&lt;group&gt;</string>
		</dict>
		<key>B619B09216B73F4E00E13A46</key>
		<dict>
			<key>fileRef</key>
			<string>B619B09016B73F4E00E13A46</string>
			<key>isa</key>
			<string>PBXBuildFile</string>
		</dict>
		<key>B619B09616B73F4E00E13A46</key>
		<dict>
			<key>isa</key>
			<string>PBXFileReference</string>
			<key>lastKnownFileType</key>
			<string>sourcecode.c.h</string>
			<key>path</key>
			<string>DemoProjectTests-Prefix.pch</string>
			<key>sourceTree</key>
			<string>&lt;group&gt;</string>
		</dict>
		<key>B619B09716B73F4E00E13A46</key>
		<dict>
			<key>buildConfigurations</key>
			<array>
				<string>B619B09816B73F4E00E13A46</string>
				<string>B619B09916B73F4E00E13A46</string>
			</array>
			<key>defaultConfigurationIsVisible</key>
			<string>0</string>
			<key>isa</key>
			<string>XCConfigurationList</string>
		</dict>
		<key>B619B09816B73F4E00E13A46</key>
		<dict>
			<key>buildSettings</key>
			<dict>
				<key>FRAMEWORK_SEARCH_PATHS</key>
				<array>
					<string>"$(SDKROOT)/Developer/Library/Frameworks"</string>
					<string>"$(DEVELOPER_LIBRARY_DIR)/Frameworks"</string>
				</array>
				<key>GCC_PRECOMPILE_PREFIX_HEADER</key>
				<string>YES</string>
				<key>GCC_PREFIX_HEADER</key>
				<string>DemoProjectTests/DemoProjectTests-Prefix.pch</string>
				<key>INFOPLIST_FILE</key>
				<string>DemoProjectTests/DemoProjectTests-Info.plist</string>
				<key>PRODUCT_NAME</key>
				<string>$(TARGET_NAME)</string>
				<key>WRAPPER_EXTENSION</key>
				<string>octest</string>
			</dict>
			<key>isa</key>
			<string>XCBuildConfiguration</string>
			<key>name</key>
			<string>Debug</string>
		</dict>
		<key>B619B09916B73F4E00E13A46</key>
		<dict>
			<key>buildSettings</key>
			<dict>
				<key>FRAMEWORK_SEARCH_PATHS</key>
				<array>
					<string>"$(SDKROOT)/Developer/Library/Frameworks"</string>
					<string>"$(DEVELOPER_LIBRARY_DIR)/Frameworks"</string>
				</array>
				<key>GCC_PRECOMPILE_PREFIX_HEADER</key>
				<string>YES</string>
				<key>GCC_PREFIX_HEADER</key>
				<string>DemoProjectTests/DemoProjectTests-Prefix.pch</string>
				<key>INFOPLIST_FILE</key>
				<string>DemoProjectTests/DemoProjectTests-Info.plist</string>
				<key>PRODUCT_NAME</key>
				<string>$(TARGET_NAME)</string>
				<key>WRAPPER_EXTENSION</key>
				<string>octest</string>
			</dict>
			<key>isa</key>
			<string>XCBuildConfiguration</string>
			<key>name</key>
			<string>Release</string>
		</dict>
		<key>B619B09A16B73F8000E13A46</key>
		<dict>
			<key>fileRef</key>
			<string>B619B07C16B73EB300E13A46</string>
			<key>isa</key>
			<string>PBXBuildFile</string>
		</dict>
		<key>B619B09B16B73FCE00E13A46</key>
		<dict>
			<key>fileEncoding</key>
			<string>4</string>
			<key>isa</key>
			<string>PBXFileReference</string>
			<key>lastKnownFileType</key>
			<string>sourcecode.c.h</string>
			<key>path</key>
			<string>ViewControllerTests.h</string>
			<key>sourceTree</key>
			<string>&lt;group&gt;</string>
		</dict>
		<key>B619B09C16B73FCE00E13A46</key>
		<dict>
			<key>fileEncoding</key>
			<string>4</string>
			<key>isa</key>
			<string>PBXFileReference</string>
			<key>lastKnownFileType</key>
			<string>sourcecode.c.objc</string>
			<key>path</key>
			<string>ViewControllerTests.m</string>
			<key>sourceTree</key>
			<string>&lt;group&gt;</string>
		</dict>
		<key>B619B09D16B73FCE00E13A46</key>
		<dict>
			<key>fileRef</key>
			<string>B619B09C16B73FCE00E13A46</string>
			<key>isa</key>
			<string>PBXBuildFile</string>
		</dict>
	</dict>
	<key>rootObject</key>
	<string>B619B05316B73EB300E13A46</string>
</dict>
</plist>
